<?xml version="1.0" encoding="utf-8"?>
<Project ToolsVersion="4.0" xmlns="http://schemas.microsoft.com/developer/msbuild/2003">
  <ItemGroup>
    <ClInclude Include="controlleroutput.hxx" />
    <ClInclude Include="controllerinput.hxx" />
    <ClInclude Include="libusb-1.0\libusb.h" />
    <ClInclude Include="libusb-1.0\libusbi.h" />
  </ItemGroup>
  <ItemGroup>
    <ClCompile Include="controllerinput.cxx" />
    <ClCompile Include="controlleroutput.cxx" />
    <ClCompile Include="main.cxx" />
  </ItemGroup>
  <ItemGroup>
    <None Include="Makefile" />
  </ItemGroup>
</Project>